
Microsoft Visual Studio Solution File, Format Version 12.00
# Visual Studio Version 16
VisualStudioVersion = 16.0.30503.244
MinimumVisualStudioVersion = 10.0.40219.1
Project("{9A19103F-16F7-4668-BE54-9A1E7A4F7556}") = "TCPClient", "\Projetos\ChatIP\TCPClient\TCPClient.csproj", "{808B5A0C-DFD8-4A46-BFFD-353D0B5AC464}"
EndProject
Project("{FAE04EC0-301F-11D3-BF4B-00C04F79EFBC}") = "TCPServer", "\Projetos\ChatIP\TCPServer\TCPServer.csproj", "{8CEDA39E-920E-47A8-A816-558AB979C6BF}"
EndProject
Global
	GlobalSection(SolutionConfigurationPlatforms) = preSolution
		Debug|Any CPU = Debug|Any CPU
		Release|Any CPU = Release|Any CPU
	EndGlobalSection
	GlobalSection(ProjectConfigurationPlatforms) = postSolution
		{808B5A0C-DFD8-4A46-BFFD-353D0B5AC464}.Debug|Any CPU.ActiveCfg = Debug|Any CPU
		{808B5A0C-DFD8-4A46-BFFD-353D0B5AC464}.Debug|Any CPU.Build.0 = Debug|Any CPU
		{808B5A0C-DFD8-4A46-BFFD-353D0B5AC464}.Release|Any CPU.ActiveCfg = Release|Any CPU
		{808B5A0C-DFD8-4A46-BFFD-353D0B5AC464}.Release|Any CPU.Build.0 = Release|Any CPU
		{8CEDA39E-920E-47A8-A816-558AB979C6BF}.Debug|Any CPU.ActiveCfg = Debug|Any CPU
		{8CEDA39E-920E-47A8-A816-558AB979C6BF}.Debug|Any CPU.Build.0 = Debug|Any CPU
		{8CEDA39E-920E-47A8-A816-558AB979C6BF}.Release|Any CPU.ActiveCfg = Release|Any CPU
		{8CEDA39E-920E-47A8-A816-558AB979C6BF}.Release|Any CPU.Build.0 = Release|Any CPU
	EndGlobalSection
	GlobalSection(SolutionProperties) = preSolution
		HideSolutionNode = FALSE
	EndGlobalSection
	GlobalSection(ExtensibilityGlobals) = postSolution
		SolutionGuid = {5161B494-E36F-4037-9971-25E2E8E98E9B}
	EndGlobalSection
EndGlobal
